# THIS IS AN AUTOGENERATED FILE. DO NOT EDIT THIS FILE DIRECTLY.
# yarn lockfile v1


num-to-words@^0.2.1:
  version "0.2.1"
  resolved "https://registry.yarnpkg.com/num-to-words/-/num-to-words-0.2.1.tgz#050e62a2331d8a947f1fc9a41e030f4ec73c4e0c"
  integrity sha512-VeftymvvMyVwf7bH49Lrt5dMk9lLX217rmrDBnZCx7dbqalnSDUzmDfQo6y59zSoomOTGP2oxXihM4QJUlJg+g==
